
Microsoft Visual Studio Solution File, Format Version 12.00
# Visual Studio Version 17
VisualStudioVersion = 17.1.32210.238
MinimumVisualStudioVersion = 10.0.40219.1
Project("{FAE04EC0-301F-11D3-BF4B-00C04F79EFBC}") = "PFEmvc", "PFEmvc\PFEmvc.csproj", "{5D2F5808-C5B5-4B22-9FCF-F8F1D6DCB7B4}"
EndProject
Global
	GlobalSection(SolutionConfigurationPlatforms) = preSolution
		Debug|Any CPU = Debug|Any CPU
		Release|Any CPU = Release|Any CPU
	EndGlobalSection
	GlobalSection(ProjectConfigurationPlatforms) = postSolution
		{5D2F5808-C5B5-4B22-9FCF-F8F1D6DCB7B4}.Debug|Any CPU.ActiveCfg = Debug|Any CPU
		{5D2F5808-C5B5-4B22-9FCF-F8F1D6DCB7B4}.Debug|Any CPU.Build.0 = Debug|Any CPU
		{5D2F5808-C5B5-4B22-9FCF-F8F1D6DCB7B4}.Release|Any CPU.ActiveCfg = Release|Any CPU
		{5D2F5808-C5B5-4B22-9FCF-F8F1D6DCB7B4}.Release|Any CPU.Build.0 = Release|Any CPU
	EndGlobalSection
	GlobalSection(SolutionProperties) = preSolution
		HideSolutionNode = FALSE
	EndGlobalSection
	GlobalSection(ExtensibilityGlobals) = postSolution
		SolutionGuid = {3B110155-A0EC-4B10-9B86-230ED36403F8}
	EndGlobalSection
EndGlobal
